
Microsoft Visual Studio Solution File, Format Version 12.00
# Visual Studio 15
VisualStudioVersion = 15.0.27428.2011
MinimumVisualStudioVersion = 10.0.40219.1
Project("{FAE04EC0-301F-11D3-BF4B-00C04F79EFBC}") = "deMorgansTheorem", "deMorgansTheorem\deMorgansTheorem.csproj", "{B13F8E45-2D58-47F4-8CEA-8D4BB146CF23}"
EndProject
Global
	GlobalSection(SolutionConfigurationPlatforms) = preSolution
		Debug|Any CPU = Debug|Any CPU
		Release|Any CPU = Release|Any CPU
	EndGlobalSection
	GlobalSection(ProjectConfigurationPlatforms) = postSolution
		{B13F8E45-2D58-47F4-8CEA-8D4BB146CF23}.Debug|Any CPU.ActiveCfg = Debug|Any CPU
		{B13F8E45-2D58-47F4-8CEA-8D4BB146CF23}.Debug|Any CPU.Build.0 = Debug|Any CPU
		{B13F8E45-2D58-47F4-8CEA-8D4BB146CF23}.Release|Any CPU.ActiveCfg = Release|Any CPU
		{B13F8E45-2D58-47F4-8CEA-8D4BB146CF23}.Release|Any CPU.Build.0 = Release|Any CPU
	EndGlobalSection
	GlobalSection(SolutionProperties) = preSolution
		HideSolutionNode = FALSE
	EndGlobalSection
	GlobalSection(ExtensibilityGlobals) = postSolution
		SolutionGuid = {AA412A38-C1C6-4972-884C-09A853D0F974}
	EndGlobalSection
EndGlobal
